
Microsoft Visual Studio Solution File, Format Version 12.00
# Visual Studio 15
VisualStudioVersion = 15.0.28307.438
MinimumVisualStudioVersion = 10.0.40219.1
Project("{FAE04EC0-301F-11D3-BF4B-00C04F79EFBC}") = "ASPDOTNETDataModelling_Users", "ASPDOTNETDataModelling_Users\ASPDOTNETDataModelling_Users.csproj", "{749F8471-9C19-410A-87FB-4C4C5D633B54}"
EndProject
Global
	GlobalSection(SolutionConfigurationPlatforms) = preSolution
		Debug|Any CPU = Debug|Any CPU
		Release|Any CPU = Release|Any CPU
	EndGlobalSection
	GlobalSection(ProjectConfigurationPlatforms) = postSolution
		{749F8471-9C19-410A-87FB-4C4C5D633B54}.Debug|Any CPU.ActiveCfg = Debug|Any CPU
		{749F8471-9C19-410A-87FB-4C4C5D633B54}.Debug|Any CPU.Build.0 = Debug|Any CPU
		{749F8471-9C19-410A-87FB-4C4C5D633B54}.Release|Any CPU.ActiveCfg = Release|Any CPU
		{749F8471-9C19-410A-87FB-4C4C5D633B54}.Release|Any CPU.Build.0 = Release|Any CPU
	EndGlobalSection
	GlobalSection(SolutionProperties) = preSolution
		HideSolutionNode = FALSE
	EndGlobalSection
	GlobalSection(ExtensibilityGlobals) = postSolution
		SolutionGuid = {A42D80F7-3EEA-4E00-B2FA-BB4305950905}
	EndGlobalSection
EndGlobal
